Microsoft Visual Studio Solution File, Format Version 12.00
# Visual Studio Version 17
VisualStudioVersion = 17.13.35931.197
MinimumVisualStudioVersion = 10.0.40219.1
Project("{FAE04EC0-301F-11D3-BF4B-00C04F79EFBC}") = "Sahabat accu", "Sahabat accu\Sahabat accu.csproj", "{837E6001-2B97-4FD8-8D60-621AB7934F47}"
EndProject
Global
	GlobalSection(SolutionConfigurationPlatforms) = preSolution
		Debug|Any CPU = Debug|Any CPU
		Release|Any CPU = Release|Any CPU
	EndGlobalSection
	GlobalSection(ProjectConfigurationPlatforms) = postSolution
		{837E6001-2B97-4FD8-8D60-621AB7934F47}.Debug|Any CPU.ActiveCfg = Debug|Any CPU
		{837E6001-2B97-4FD8-8D60-621AB7934F47}.Debug|Any CPU.Build.0 = Debug|Any CPU
		{837E6001-2B97-4FD8-8D60-621AB7934F47}.Release|Any CPU.ActiveCfg = Release|Any CPU
		{837E6001-2B97-4FD8-8D60-621AB7934F47}.Release|Any CPU.Build.0 = Release|Any CPU
	EndGlobalSection
	GlobalSection(SolutionProperties) = preSolution
		HideSolutionNode = FALSE
	EndGlobalSection
	GlobalSection(ExtensibilityGlobals) = postSolution
		SolutionGuid = {8D57EC8D-E3AD-45A3-87D8-715983817792}
	EndGlobalSection
EndGlobal
